
Microsoft Visual Studio Solution File, Format Version 12.00
# Visual Studio Version 16
VisualStudioVersion = 16.0.30907.101
MinimumVisualStudioVersion = 10.0.40219.1
Project("{FAE04EC0-301F-11D3-BF4B-00C04F79EFBC}") = "WorkingDocAndPdf", "WorkingDocAndPdf\WorkingDocAndPdf.csproj", "{B8E0CD47-13C4-410D-8285-2B04CEA224C8}"
EndProject
Global
	GlobalSection(SolutionConfigurationPlatforms) = preSolution
		Debug|Any CPU = Debug|Any CPU
		Release|Any CPU = Release|Any CPU
	EndGlobalSection
	GlobalSection(ProjectConfigurationPlatforms) = postSolution
		{B8E0CD47-13C4-410D-8285-2B04CEA224C8}.Debug|Any CPU.ActiveCfg = Debug|Any CPU
		{B8E0CD47-13C4-410D-8285-2B04CEA224C8}.Debug|Any CPU.Build.0 = Debug|Any CPU
		{B8E0CD47-13C4-410D-8285-2B04CEA224C8}.Release|Any CPU.ActiveCfg = Release|Any CPU
		{B8E0CD47-13C4-410D-8285-2B04CEA224C8}.Release|Any CPU.Build.0 = Release|Any CPU
	EndGlobalSection
	GlobalSection(SolutionProperties) = preSolution
		HideSolutionNode = FALSE
	EndGlobalSection
	GlobalSection(ExtensibilityGlobals) = postSolution
		SolutionGuid = {89FA695C-A9DD-4E2E-A0FF-9371969C34D6}
	EndGlobalSection
EndGlobal
